// !$*UTF8*$!
{
	archiveVersion = 1;
	classes = {
	};
	objectVersion = 50;
	objects = {

/* Begin PBXBuildFile section */
		B332D2BD26A54A1300554AC9 /* SUIFundaApp.swift in Sources */ = {isa = PBXBuildFile; fileRef = B332D2BC26A54A1300554AC9 /* SUIFundaApp.swift */; };
		B332D2BF26A54A1300554AC9 /* ContentView.swift in Sources */ = {isa = PBXBuildFile; fileRef = B332D2BE26A54A1300554AC9 /* ContentView.swift */; };
		B332D2C126A54A1600554AC9 /* Assets.xcassets in Resources */ = {isa = PBXBuildFile; fileRef = B332D2C026A54A1600554AC9 /* Assets.xcassets */; };
		B332D2C426A54A1600554AC9 /* Preview Assets.xcassets in Resources */ = {isa = PBXBuildFile; fileRef = B332D2C326A54A1600554AC9 /* Preview Assets.xcassets */; };
		B332D2CF26A54A1600554AC9 /* SUIFundaTests.swift in Sources */ = {isa = PBXBuildFile; fileRef = B332D2CE26A54A1600554AC9 /* SUIFundaTests.swift */; };
		B332D2DA26A54A1600554AC9 /* SUIFundaUITests.swift in Sources */ = {isa = PBXBuildFile; fileRef = B332D2D926A54A1600554AC9 /* SUIFundaUITests.swift */; };
		B332D2E826A56C8400554AC9 /* MeowMix.swift in Sources */ = {isa = PBXBuildFile; fileRef = B332D2E726A56C8400554AC9 /* MeowMix.swift */; };
		B332D2EA26A56DCE00554AC9 /* MeowMixHeader.swift in Sources */ = {isa = PBXBuildFile; fileRef = B332D2E926A56DCE00554AC9 /* MeowMixHeader.swift */; };
		B332D2EC26A59E8B00554AC9 /* DetailView.swift in Sources */ = {isa = PBXBuildFile; fileRef = B332D2EB26A59E8B00554AC9 /* DetailView.swift */; };
/* End PBXBuildFile section */

/* Begin PBXContainerItemProxy section */
		B332D2CB26A54A1600554AC9 /* PBXContainerItemProxy */ = {
			isa = PBXContainerItemProxy;
			containerPortal = B332D2B126A54A1300554AC9 /* Project object */;
			proxyType = 1;
			remoteGlobalIDString = B332D2B826A54A1300554AC9;
			remoteInfo = SUIFunda;
		};
		B332D2D626A54A1600554AC9 /* PBXContainerItemProxy */ = {
			isa = PBXContainerItemProxy;
			containerPortal = B332D2B126A54A1300554AC9 /* Project object */;
			proxyType = 1;
			remoteGlobalIDString = B332D2B826A54A1300554AC9;
			remoteInfo = SUIFunda;
		};
/* End PBXContainerItemProxy section */

/* Begin PBXFileReference section */
		B332D2B926A54A1300554AC9 /* SUIFunda.app */ = {isa = PBXFileReference; explicitFileType = wrapper.application; includeInIndex = 0; path = SUIFunda.app; sourceTree = BUILT_PRODUCTS_DIR; };
		B332D2BC26A54A1300554AC9 /* SUIFundaApp.swift */ = {isa = PBXFileReference; lastKnownFileType = sourcecode.swift; path = SUIFundaApp.swift; sourceTree = "<group>"; };
		B332D2BE26A54A1300554AC9 /* ContentView.swift */ = {isa = PBXFileReference; lastKnownFileType = sourcecode.swift; path = ContentView.swift; sourceTree = "<group>"; };
		B332D2C026A54A1600554AC9 /* Assets.xcassets */ = {isa = PBXFileReference; lastKnownFileType = folder.assetcatalog; path = Assets.xcassets; sourceTree = "<group>"; };
		B332D2C326A54A1600554AC9 /* Preview Assets.xcassets */ = {isa = PBXFileReference; lastKnownFileType = folder.assetcatalog; path = "Preview Assets.xcassets"; sourceTree = "<group>"; };
		B332D2C526A54A1600554AC9 /* Info.plist */ = {isa = PBXFileReference; lastKnownFileType = text.plist.xml; path = Info.plist; sourceTree = "<group>"; };
		B332D2CA26A54A1600554AC9 /* SUIFundaTests.xctest */ = {isa = PBXFileReference; explicitFileType = wrapper.cfbundle; includeInIndex = 0; path = SUIFundaTests.xctest; sourceTree = BUILT_PRODUCTS_DIR; };
		B332D2CE26A54A1600554AC9 /* SUIFundaTests.swift */ = {isa = PBXFileReference; lastKnownFileType = sourcecode.swift; path = SUIFundaTests.swift; sourceTree = "<group>"; };
		B332D2D026A54A1600554AC9 /* Info.plist */ = {isa = PBXFileReference; lastKnownFileType = text.plist.xml; path = Info.plist; sourceTree = "<group>"; };
		B332D2D526A54A1600554AC9 /* SUIFundaUITests.xctest */ = {isa = PBXFileReference; explicitFileType = wrapper.cfbundle; includeInIndex = 0; path = SUIFundaUITests.xctest; sourceTree = BUILT_PRODUCTS_DIR; };
		B332D2D926A54A1600554AC9 /* SUIFundaUITests.swift */ = {isa = PBXFileReference; lastKnownFileType = sourcecode.swift; path = SUIFundaUITests.swift; sourceTree = "<group>"; };
		B332D2DB26A54A1600554AC9 /* Info.plist */ = {isa = PBXFileReference; lastKnownFileType = text.plist.xml; path = Info.plist; sourceTree = "<group>"; };
		B332D2E726A56C8400554AC9 /* MeowMix.swift */ = {isa = PBXFileReference; lastKnownFileType = sourcecode.swift; path = MeowMix.swift; sourceTree = "<group>"; };
		B332D2E926A56DCE00554AC9 /* MeowMixHeader.swift */ = {isa = PBXFileReference; lastKnownFileType = sourcecode.swift; path = MeowMixHeader.swift; sourceTree = "<group>"; };
		B332D2EB26A59E8B00554AC9 /* DetailView.swift */ = {isa = PBXFileReference; lastKnownFileType = sourcecode.swift; path = DetailView.swift; sourceTree = "<group>"; };
/* End PBXFileReference section */

/* Begin PBXFrameworksBuildPhase section */
		B332D2B626A54A1300554AC9 /* Frameworks */ = {
			isa = PBXFrameworksBuildPhase;
			buildActionMask = 2147483647;
			files = (
			);
			runOnlyForDeploymentPostprocessing = 0;
		};
		B332D2C726A54A1600554AC9 /* Frameworks */ = {
			isa = PBXFrameworksBuildPhase;
			buildActionMask = 2147483647;
			files = (
			);
			runOnlyForDeploymentPostprocessing = 0;
		};
		B332D2D226A54A1600554AC9 /* Frameworks */ = {
			isa = PBXFrameworksBuildPhase;
			buildActionMask = 2147483647;
			files = (
			);
			runOnlyForDeploymentPostprocessing = 0;
		};
/* End PBXFrameworksBuildPhase section */

/* Begin PBXGroup section */
		B332D2B026A54A1300554AC9 = {
			isa = PBXGroup;
			children = (
				B332D2BB26A54A1300554AC9 /* SUIFunda */,
				B332D2CD26A54A1600554AC9 /* SUIFundaTests */,
				B332D2D826A54A1600554AC9 /* SUIFundaUITests */,
				B332D2BA26A54A1300554AC9 /* Products */,
			);
			sourceTree = "<group>";
		};
		B332D2BA26A54A1300554AC9 /* Products */ = {
			isa = PBXGroup;
			children = (
				B332D2B926A54A1300554AC9 /* SUIFunda.app */,
				B332D2CA26A54A1600554AC9 /* SUIFundaTests.xctest */,
				B332D2D526A54A1600554AC9 /* SUIFundaUITests.xctest */,
			);
			name = Products;
			sourceTree = "<group>";
		};
		B332D2BB26A54A1300554AC9 /* SUIFunda */ = {
			isa = PBXGroup;
			children = (
				B332D2BC26A54A1300554AC9 /* SUIFundaApp.swift */,
				B332D2BE26A54A1300554AC9 /* ContentView.swift */,
				B332D2C026A54A1600554AC9 /* Assets.xcassets */,
				B332D2C526A54A1600554AC9 /* Info.plist */,
				B332D2C226A54A1600554AC9 /* Preview Content */,
				B332D2E726A56C8400554AC9 /* MeowMix.swift */,
				B332D2E926A56DCE00554AC9 /* MeowMixHeader.swift */,
				B332D2EB26A59E8B00554AC9 /* DetailView.swift */,
			);
			path = SUIFunda;
			sourceTree = "<group>";
		};
		B332D2C226A54A1600554AC9 /* Preview Content */ = {
			isa = PBXGroup;
			children = (
				B332D2C326A54A1600554AC9 /* Preview Assets.xcassets */,
			);
			path = "Preview Content";
			sourceTree = "<group>";
		};
		B332D2CD26A54A1600554AC9 /* SUIFundaTests */ = {
			isa = PBXGroup;
			children = (
				B332D2CE26A54A1600554AC9 /* SUIFundaTests.swift */,
				B332D2D026A54A1600554AC9 /* Info.plist */,
			);
			path = SUIFundaTests;
			sourceTree = "<group>";
		};
		B332D2D826A54A1600554AC9 /* SUIFundaUITests */ = {
			isa = PBXGroup;
			children = (
				B332D2D926A54A1600554AC9 /* SUIFundaUITests.swift */,
				B332D2DB26A54A1600554AC9 /* Info.plist */,
			);
			path = SUIFundaUITests;
			sourceTree = "<group>";
		};
/* End PBXGroup section */

/* Begin PBXNativeTarget section */
		B332D2B826A54A1300554AC9 /* SUIFunda */ = {
			isa = PBXNativeTarget;
			buildConfigurationList = B332D2DE26A54A1600554AC9 /* Build configuration list for PBXNativeTarget "SUIFunda" */;
			buildPhases = (
				B332D2B526A54A1300554AC9 /* Sources */,
				B332D2B626A54A1300554AC9 /* Frameworks */,
				B332D2B726A54A1300554AC9 /* Resources */,
			);
			buildRules = (
			);
			dependencies = (
			);
			name = SUIFunda;
			productName = SUIFunda;
			productReference = B332D2B926A54A1300554AC9 /* SUIFunda.app */;
			productType = "com.apple.product-type.application";
		};
		B332D2C926A54A1600554AC9 /* SUIFundaTests */ = {
			isa = PBXNativeTarget;
			buildConfigurationList = B332D2E126A54A1600554AC9 /* Build configuration list for PBXNativeTarget "SUIFundaTests" */;
			buildPhases = (
				B332D2C626A54A1600554AC9 /* Sources */,
				B332D2C726A54A1600554AC9 /* Frameworks */,
				B332D2C826A54A1600554AC9 /* Resources */,
			);
			buildRules = (
			);
			dependencies = (
				B332D2CC26A54A1600554AC9 /* PBXTargetDependency */,
			);
			name = SUIFundaTests;
			productName = SUIFundaTests;
			productReference = B332D2CA26A54A1600554AC9 /* SUIFundaTests.xctest */;
			productType = "com.apple.product-type.bundle.unit-test";
		};
		B332D2D426A54A1600554AC9 /* SUIFundaUITests */ = {
			isa = PBXNativeTarget;
			buildConfigurationList = B332D2E426A54A1600554AC9 /* Build configuration list for PBXNativeTarget "SUIFundaUITests" */;
			buildPhases = (
				B332D2D126A54A1600554AC9 /* Sources */,
				B332D2D226A54A1600554AC9 /* Frameworks */,
				B332D2D326A54A1600554AC9 /* Resources */,
			);
			buildRules = (
			);
			dependencies = (
				B332D2D726A54A1600554AC9 /* PBXTargetDependency */,
			);
			name = SUIFundaUITests;
			productName = SUIFundaUITests;
			productReference = B332D2D526A54A1600554AC9 /* SUIFundaUITests.xctest */;
			productType = "com.apple.product-type.bundle.ui-testing";
		};
/* End PBXNativeTarget section */

/* Begin PBXProject section */
		B332D2B126A54A1300554AC9 /* Project object */ = {
			isa = PBXProject;
			attributes = {
				LastSwiftUpdateCheck = 1250;
				LastUpgradeCheck = 1250;
				TargetAttributes = {
					B332D2B826A54A1300554AC9 = {
						CreatedOnToolsVersion = 12.5.1;
					};
					B332D2C926A54A1600554AC9 = {
						CreatedOnToolsVersion = 12.5.1;
						TestTargetID = B332D2B826A54A1300554AC9;
					};
					B332D2D426A54A1600554AC9 = {
						CreatedOnToolsVersion = 12.5.1;
						TestTargetID = B332D2B826A54A1300554AC9;
					};
				};
			};
			buildConfigurationList = B332D2B426A54A1300554AC9 /* Build configuration list for PBXProject "SUIFunda" */;
			compatibilityVersion = "Xcode 9.3";
			developmentRegion = en;
			hasScannedForEncodings = 0;
			knownRegions = (
				en,
				Base,
			);
			mainGroup = B332D2B026A54A1300554AC9;
			productRefGroup = B332D2BA26A54A1300554AC9 /* Products */;
			projectDirPath = "";
			projectRoot = "";
			targets = (
				B332D2B826A54A1300554AC9 /* SUIFunda */,
				B332D2C926A54A1600554AC9 /* SUIFundaTests */,
				B332D2D426A54A1600554AC9 /* SUIFundaUITests */,
			);
		};
/* End PBXProject section */

/* Begin PBXResourcesBuildPhase section */
		B332D2B726A54A1300554AC9 /* Resources */ = {
			isa = PBXResourcesBuildPhase;
			buildActionMask = 2147483647;
			files = (
				B332D2C426A54A1600554AC9 /* Preview Assets.xcassets in Resources */,
				B332D2C126A54A1600554AC9 /* Assets.xcassets in Resources */,
			);
			runOnlyForDeploymentPostprocessing = 0;
		};
		B332D2C826A54A1600554AC9 /* Resources */ = {
			isa = PBXResourcesBuildPhase;
			buildActionMask = 2147483647;
			files = (
			);
			runOnlyForDeploymentPostprocessing = 0;
		};
		B332D2D326A54A1600554AC9 /* Resources */ = {
			isa = PBXResourcesBuildPhase;
			buildActionMask = 2147483647;
			files = (
			);
			runOnlyForDeploymentPostprocessing = 0;
		};
/* End PBXResourcesBuildPhase section */

/* Begin PBXSourcesBuildPhase section */
		B332D2B526A54A1300554AC9 /* Sources */ = {
			isa = PBXSourcesBuildPhase;
			buildActionMask = 2147483647;
			files = (
				B332D2E826A56C8400554AC9 /* MeowMix.swift in Sources */,
				B332D2EA26A56DCE00554AC9 /* MeowMixHeader.swift in Sources */,
				B332D2BF26A54A1300554AC9 /* ContentView.swift in Sources */,
				B332D2EC26A59E8B00554AC9 /* DetailView.swift in Sources */,
				B332D2BD26A54A1300554AC9 /* SUIFundaApp.swift in Sources */,
			);
			runOnlyForDeploymentPostprocessing = 0;
		};
		B332D2C626A54A1600554AC9 /* Sources */ = {
			isa = PBXSourcesBuildPhase;
			buildActionMask = 2147483647;
			files = (
				B332D2CF26A54A1600554AC9 /* SUIFundaTests.swift in Sources */,
			);
			runOnlyForDeploymentPostprocessing = 0;
		};
		B332D2D126A54A1600554AC9 /* Sources */ = {
			isa = PBXSourcesBuildPhase;
			buildActionMask = 2147483647;
			files = (
				B332D2DA26A54A1600554AC9 /* SUIFundaUITests.swift in Sources */,
			);
			runOnlyForDeploymentPostprocessing = 0;
		};
/* End PBXSourcesBuildPhase section */

/* Begin PBXTargetDependency section */
		B332D2CC26A54A1600554AC9 /* PBXTargetDependency */ = {
			isa = PBXTargetDependency;
			target = B332D2B826A54A1300554AC9 /* SUIFunda */;
			targetProxy = B332D2CB26A54A1600554AC9 /* PBXContainerItemProxy */;
		};
		B332D2D726A54A1600554AC9 /* PBXTargetDependency */ = {
			isa = PBXTargetDependency;
			target = B332D2B826A54A1300554AC9 /* SUIFunda */;
			targetProxy = B332D2D626A54A1600554AC9 /* PBXContainerItemProxy */;
		};
/* End PBXTargetDependency section */

/* Begin XCBuildConfiguration section */
		B332D2DC26A54A1600554AC9 /* Debug */ = {
			isa = XCBuildConfiguration;
			buildSettings = {
				ALWAYS_SEARCH_USER_PATHS = NO;
				CLANG_ANALYZER_NONNULL = YES;
				CLANG_ANALYZER_NUMBER_OBJECT_CONVERSION = YES_AGGRESSIVE;
				CLANG_CXX_LANGUAGE_STANDARD = "gnu++14";
				CLANG_CXX_LIBRARY = "libc++";
				CLANG_ENABLE_MODULES = YES;
				CLANG_ENABLE_OBJC_ARC = YES;
				CLANG_ENABLE_OBJC_WEAK = YES;
				CLANG_WARN_BLOCK_CAPTURE_AUTORELEASING = YES;
				CLANG_WARN_BOOL_CONVERSION = YES;
				CLANG_WARN_COMMA = YES;
				CLANG_WARN_CONSTANT_CONVERSION = YES;
				CLANG_WARN_DEPRECATED_OBJC_IMPLEMENTATIONS = YES;
				CLANG_WARN_DIRECT_OBJC_ISA_USAGE = YES_ERROR;
				CLANG_WARN_DOCUMENTATION_COMMENTS = YES;
				CLANG_WARN_EMPTY_BODY = YES;
				CLANG_WARN_ENUM_CONVERSION = YES;
				CLANG_WARN_INFINITE_RECURSION = YES;
				CLANG_WARN_INT_CONVERSION = YES;
				CLANG_WARN_NON_LITERAL_NULL_CONVERSION = YES;
				CLANG_WARN_OBJC_IMPLICIT_RETAIN_SELF = YES;
				CLANG_WARN_OBJC_LITERAL_CONVERSION = YES;
				CLANG_WARN_OBJC_ROOT_CLASS = YES_ERROR;
				CLANG_WARN_QUOTED_INCLUDE_IN_FRAMEWORK_HEADER = YES;
				CLANG_WARN_RANGE_LOOP_ANALYSIS = YES;
				CLANG_WARN_STRICT_PROTOTYPES = YES;
				CLANG_WARN_SUSPICIOUS_MOVE = YES;
				CLANG_WARN_UNGUARDED_AVAILABILITY = YES_AGGRESSIVE;
				CLANG_WARN_UNREACHABLE_CODE = YES;
				CLANG_WARN__DUPLICATE_METHOD_MATCH = YES;
				COPY_PHASE_STRIP = NO;
				DEBUG_INFORMATION_FORMAT = dwarf;
				ENABLE_STRICT_OBJC_MSGSEND = YES;
				ENABLE_TESTABILITY = YES;
				GCC_C_LANGUAGE_STANDARD = gnu11;
				GCC_DYNAMIC_NO_PIC = NO;
				GCC_NO_COMMON_BLOCKS = YES;
				GCC_OPTIMIZATION_LEVEL = 0;
				GCC_PREPROCESSOR_DEFINITIONS = (
					"DEBUG=1",
					"$(inherited)",
				);
				GCC_WARN_64_TO_32_BIT_CONVERSION = YES;
				GCC_WARN_ABOUT_RETURN_TYPE = YES_ERROR;
				GCC_WARN_UNDECLARED_SELECTOR = YES;
				GCC_WARN_UNINITIALIZED_AUTOS = YES_AGGRESSIVE;
				GCC_WARN_UNUSED_FUNCTION = YES;
				GCC_WARN_UNUSED_VARIABLE = YES;
				IPHONEOS_DEPLOYMENT_TARGET = 14.5;
				MTL_ENABLE_DEBUG_INFO = INCLUDE_SOURCE;
				MTL_FAST_MATH = YES;
				ONLY_ACTIVE_ARCH = YES;
				SDKROOT = iphoneos;
				SWIFT_ACTIVE_COMPILATION_CONDITIONS = DEBUG;
				SWIFT_OPTIMIZATION_LEVEL = "-Onone";
			};
			name = Debug;
		};
		B332D2DD26A54A1600554AC9 /* Release */ = {
			isa = XCBuildConfiguration;
			buildSettings = {
				ALWAYS_SEARCH_USER_PATHS = NO;
				CLANG_ANALYZER_NONNULL = YES;
				CLANG_ANALYZER_NUMBER_OBJECT_CONVERSION = YES_AGGRESSIVE;
				CLANG_CXX_LANGUAGE_STANDARD = "gnu++14";
				CLANG_CXX_LIBRARY = "libc++";
				CLANG_ENABLE_MODULES = YES;
				CLANG_ENABLE_OBJC_ARC = YES;
				CLANG_ENABLE_OBJC_WEAK = YES;
				CLANG_WARN_BLOCK_CAPTURE_AUTORELEASING = YES;
				CLANG_WARN_BOOL_CONVERSION = YES;
				CLANG_WARN_COMMA = YES;
				CLANG_WARN_CONSTANT_CONVERSION = YES;
				CLANG_WARN_DEPRECATED_OBJC_IMPLEMENTATIONS = YES;
				CLANG_WARN_DIRECT_OBJC_ISA_USAGE = YES_ERROR;
				CLANG_WARN_DOCUMENTATION_COMMENTS = YES;
				CLANG_WARN_EMPTY_BODY = YES;
				CLANG_WARN_ENUM_CONVERSION = YES;
				CLANG_WARN_INFINITE_RECURSION = YES;
				CLANG_WARN_INT_CONVERSION = YES;
				CLANG_WARN_NON_LITERAL_NULL_CONVERSION = YES;
				CLANG_WARN_OBJC_IMPLICIT_RETAIN_SELF = YES;
				CLANG_WARN_OBJC_LITERAL_CONVERSION = YES;
				CLANG_WARN_OBJC_ROOT_CLASS = YES_ERROR;
				CLANG_WARN_QUOTED_INCLUDE_IN_FRAMEWORK_HEADER = YES;
				CLANG_WARN_RANGE_LOOP_ANALYSIS = YES;
				CLANG_WARN_STRICT_PROTOTYPES = YES;
				CLANG_WARN_SUSPICIOUS_MOVE = YES;
				CLANG_WARN_UNGUARDED_AVAILABILITY = YES_AGGRESSIVE;
				CLANG_WARN_UNREACHABLE_CODE = YES;
				CLANG_WARN__DUPLICATE_METHOD_MATCH = YES;
				COPY_PHASE_STRIP = NO;
				DEBUG_INFORMATION_FORMAT = "dwarf-with-dsym";
				ENABLE_NS_ASSERTIONS = NO;
				ENABLE_STRICT_OBJC_MSGSEND = YES;
				GCC_C_LANGUAGE_STANDARD = gnu11;
				GCC_NO_COMMON_BLOCKS = YES;
				GCC_WARN_64_TO_32_BIT_CONVERSION = YES;
				GCC_WARN_ABOUT_RETURN_TYPE = YES_ERROR;
				GCC_WARN_UNDECLARED_SELECTOR = YES;
				GCC_WARN_UNINITIALIZED_AUTOS = YES_AGGRESSIVE;
				GCC_WARN_UNUSED_FUNCTION = YES;
				GCC_WARN_UNUSED_VARIABLE = YES;
				IPHONEOS_DEPLOYMENT_TARGET = 14.5;
				MTL_ENABLE_DEBUG_INFO = NO;
				MTL_FAST_MATH = YES;
				SDKROOT = iphoneos;
				SWIFT_COMPILATION_MODE = wholemodule;
				SWIFT_OPTIMIZATION_LEVEL = "-O";
				VALIDATE_PRODUCT = YES;
			};
			name = Release;
		};
		B332D2DF26A54A1600554AC9 /* Debug */ = {
			isa = XCBuildConfiguration;
			buildSettings = {
				ASSETCATALOG_COMPILER_APPICON_NAME = AppIcon;
				ASSETCATALOG_COMPILER_GLOBAL_ACCENT_COLOR_NAME = AccentColor;
				CODE_SIGN_STYLE = Automatic;
				DEVELOPMENT_ASSET_PATHS = "\"SUIFunda/Preview Content\"";
				DEVELOPMENT_TEAM = PHX4H3PWZ5;
				ENABLE_PREVIEWS = YES;
				INFOPLIST_FILE = SUIFunda/Info.plist;
				IPHONEOS_DEPLOYMENT_TARGET = 14.0;
				LD_RUNPATH_SEARCH_PATHS = (
					"$(inherited)",
					"@executable_path/Frameworks",
				);
				PRODUCT_BUNDLE_IDENTIFIER = ianwhite.SUIFunda;
				PRODUCT_NAME = "$(TARGET_NAME)";
				SWIFT_VERSION = 5.0;
				TARGETED_DEVICE_FAMILY = "1,2";
			};
			name = Debug;
		};
		B332D2E026A54A1600554AC9 /* Release */ = {
			isa = XCBuildConfiguration;
			buildSettings = {
				ASSETCATALOG_COMPILER_APPICON_NAME = AppIcon;
				ASSETCATALOG_COMPILER_GLOBAL_ACCENT_COLOR_NAME = AccentColor;
				CODE_SIGN_STYLE = Automatic;
				DEVELOPMENT_ASSET_PATHS = "\"SUIFunda/Preview Content\"";
				DEVELOPMENT_TEAM = PHX4H3PWZ5;
				ENABLE_PREVIEWS = YES;
				INFOPLIST_FILE = SUIFunda/Info.plist;
				IPHONEOS_DEPLOYMENT_TARGET = 14.0;
				LD_RUNPATH_SEARCH_PATHS = (
					"$(inherited)",
					"@executable_path/Frameworks",
				);
				PRODUCT_BUNDLE_IDENTIFIER = ianwhite.SUIFunda;
				PRODUCT_NAME = "$(TARGET_NAME)";
				SWIFT_VERSION = 5.0;
				TARGETED_DEVICE_FAMILY = "1,2";
			};
			name = Release;
		};
		B332D2E226A54A1600554AC9 /* Debug */ = {
			isa = XCBuildConfiguration;
			buildSettings = {
				ALWAYS_EMBED_SWIFT_STANDARD_LIBRARIES = YES;
				BUNDLE_LOADER = "$(TEST_HOST)";
				CODE_SIGN_STYLE = Automatic;
				DEVELOPMENT_TEAM = PHX4H3PWZ5;
				INFOPLIST_FILE = SUIFundaTests/Info.plist;
				IPHONEOS_DEPLOYMENT_TARGET = 14.0;
				LD_RUNPATH_SEARCH_PATHS = (
					"$(inherited)",
					"@executable_path/Frameworks",
					"@loader_path/Frameworks",
				);
				PRODUCT_BUNDLE_IDENTIFIER = ianwhite.SUIFundaTests;
				PRODUCT_NAME = "$(TARGET_NAME)";
				SWIFT_VERSION = 5.0;
				TARGETED_DEVICE_FAMILY = "1,2";
				TEST_HOST = "$(BUILT_PRODUCTS_DIR)/SUIFunda.app/SUIFunda";
			};
			name = Debug;
		};
		B332D2E326A54A1600554AC9 /* Release */ = {
			isa = XCBuildConfiguration;
			buildSettings = {
				ALWAYS_EMBED_SWIFT_STANDARD_LIBRARIES = YES;
				BUNDLE_LOADER = "$(TEST_HOST)";
				CODE_SIGN_STYLE = Automatic;
				DEVELOPMENT_TEAM = PHX4H3PWZ5;
				INFOPLIST_FILE = SUIFundaTests/Info.plist;
				IPHONEOS_DEPLOYMENT_TARGET = 14.0;
				LD_RUNPATH_SEARCH_PATHS = (
					"$(inherited)",
					"@executable_path/Frameworks",
					"@loader_path/Frameworks",
				);
				PRODUCT_BUNDLE_IDENTIFIER = ianwhite.SUIFundaTests;
				PRODUCT_NAME = "$(TARGET_NAME)";
				SWIFT_VERSION = 5.0;
				TARGETED_DEVICE_FAMILY = "1,2";
				TEST_HOST = "$(BUILT_PRODUCTS_DIR)/SUIFunda.app/SUIFunda";
			};
			name = Release;
		};
		B332D2E526A54A1600554AC9 /* Debug */ = {
			isa = XCBuildConfiguration;
			buildSettings = {
				ALWAYS_EMBED_SWIFT_STANDARD_LIBRARIES = YES;
				CODE_SIGN_STYLE = Automatic;
				DEVELOPMENT_TEAM = PHX4H3PWZ5;
				INFOPLIST_FILE = SUIFundaUITests/Info.plist;
				LD_RUNPATH_SEARCH_PATHS = (
					"$(inherited)",
					"@executable_path/Frameworks",
					"@loader_path/Frameworks",
				);
				PRODUCT_BUNDLE_IDENTIFIER = ianwhite.SUIFundaUITests;
				PRODUCT_NAME = "$(TARGET_NAME)";
				SWIFT_VERSION = 5.0;
				TARGETED_DEVICE_FAMILY = "1,2";
				TEST_TARGET_NAME = SUIFunda;
			};
			name = Debug;
		};
		B332D2E626A54A1600554AC9 /* Release */ = {
			isa = XCBuildConfiguration;
			buildSettings = {
				ALWAYS_EMBED_SWIFT_STANDARD_LIBRARIES = YES;
				CODE_SIGN_STYLE = Automatic;
				DEVELOPMENT_TEAM = PHX4H3PWZ5;
				INFOPLIST_FILE = SUIFundaUITests/Info.plist;
				LD_RUNPATH_SEARCH_PATHS = (
					"$(inherited)",
					"@executable_path/Frameworks",
					"@loader_path/Frameworks",
				);
				PRODUCT_BUNDLE_IDENTIFIER = ianwhite.SUIFundaUITests;
				PRODUCT_NAME = "$(TARGET_NAME)";
				SWIFT_VERSION = 5.0;
				TARGETED_DEVICE_FAMILY = "1,2";
				TEST_TARGET_NAME = SUIFunda;
			};
			name = Release;
		};
/* End XCBuildConfiguration section */

/* Begin XCConfigurationList section */
		B332D2B426A54A1300554AC9 /* Build configuration list for PBXProject "SUIFunda" */ = {
			isa = XCConfigurationList;
			buildConfigurations = (
				B332D2DC26A54A1600554AC9 /* Debug */,
				B332D2DD26A54A1600554AC9 /* Release */,
			);
			defaultConfigurationIsVisible = 0;
			defaultConfigurationName = Release;
		};
		B332D2DE26A54A1600554AC9 /* Build configuration list for PBXNativeTarget "SUIFunda" */ = {
			isa = XCConfigurationList;
			buildConfigurations = (
				B332D2DF26A54A1600554AC9 /* Debug */,
				B332D2E026A54A1600554AC9 /* Release */,
			);
			defaultConfigurationIsVisible = 0;
			defaultConfigurationName = Release;
		};
		B332D2E126A54A1600554AC9 /* Build configuration list for PBXNativeTarget "SUIFundaTests" */ = {
			isa = XCConfigurationList;
			buildConfigurations = (
				B332D2E226A54A1600554AC9 /* Debug */,
				B332D2E326A54A1600554AC9 /* Release */,
			);
			defaultConfigurationIsVisible = 0;
			defaultConfigurationName = Release;
		};
		B332D2E426A54A1600554AC9 /* Build configuration list for PBXNativeTarget "SUIFundaUITests" */ = {
			isa = XCConfigurationList;
			buildConfigurations = (
				B332D2E526A54A1600554AC9 /* Debug */,
				B332D2E626A54A1600554AC9 /* Release */,
			);
			defaultConfigurationIsVisible = 0;
			defaultConfigurationName = Release;
		};
/* End XCConfigurationList section */
	};
	rootObject = B332D2B126A54A1300554AC9 /* Project object */;
}
